
Microsoft Visual Studio Solution File, Format Version 12.00
# Visual Studio Version 17
VisualStudioVersion = 17.0.31903.59
MinimumVisualStudioVersion = 10.0.40219.1
Project("{FAE04EC0-301F-11D3-BF4B-00C04F79EFBC}") = "Calculadora", "Calculadora\Calculadora.csproj", "{B7C1E38A-7A95-4F5D-A3A1-1A06EF3EED9C}"
EndProject
Project("{FAE04EC0-301F-11D3-BF4B-00C04F79EFBC}") = "Testes", "Testes\Testes.csproj", "{4F2D7E2E-7925-468B-B70E-723D2060AB4A}"
EndProject
Global
	GlobalSection(SolutionConfigurationPlatforms) = preSolution
		Debug|Any CPU = Debug|Any CPU
		Release|Any CPU = Release|Any CPU
	EndGlobalSection
	GlobalSection(SolutionProperties) = preSolution
		HideSolutionNode = FALSE
	EndGlobalSection
	GlobalSection(ProjectConfigurationPlatforms) = postSolution
		{B7C1E38A-7A95-4F5D-A3A1-1A06EF3EED9C}.Debug|Any CPU.ActiveCfg = Debug|Any CPU
		{B7C1E38A-7A95-4F5D-A3A1-1A06EF3EED9C}.Debug|Any CPU.Build.0 = Debug|Any CPU
		{B7C1E38A-7A95-4F5D-A3A1-1A06EF3EED9C}.Release|Any CPU.ActiveCfg = Release|Any CPU
		{B7C1E38A-7A95-4F5D-A3A1-1A06EF3EED9C}.Release|Any CPU.Build.0 = Release|Any CPU
		{4F2D7E2E-7925-468B-B70E-723D2060AB4A}.Debug|Any CPU.ActiveCfg = Debug|Any CPU
		{4F2D7E2E-7925-468B-B70E-723D2060AB4A}.Debug|Any CPU.Build.0 = Debug|Any CPU
		{4F2D7E2E-7925-468B-B70E-723D2060AB4A}.Release|Any CPU.ActiveCfg = Release|Any CPU
		{4F2D7E2E-7925-468B-B70E-723D2060AB4A}.Release|Any CPU.Build.0 = Release|Any CPU
	EndGlobalSection
EndGlobal
